
Microsoft Visual Studio Solution File, Format Version 12.00
# Visual Studio 15
VisualStudioVersion = 15.0.27004.2002
MinimumVisualStudioVersion = 10.0.40219.1
Project("{FAE04EC0-301F-11D3-BF4B-00C04F79EFBC}") = "Digitise.API", "Digitise.API\Digitise.API.csproj", "{6878E978-A6A0-44D5-BD9A-6BB231C19788}"
EndProject
Project("{FAE04EC0-301F-11D3-BF4B-00C04F79EFBC}") = "Digitise.API.Tests", "Digitise.API.Tests\Digitise.API.Tests.csproj", "{1739D5EB-29AB-4960-A9FA-9C12AA8EB9EA}"
EndProject
Project("{FAE04EC0-301F-11D3-BF4B-00C04F79EFBC}") = "Digitise.DataModel", "Digitise.DataModel\Digitise.DataModel.csproj", "{069A77D9-D14A-4574-AE88-D28775C76209}"
EndProject
Project("{FAE04EC0-301F-11D3-BF4B-00C04F79EFBC}") = "Digitise.Services", "Digitise.Services\Digitise.Services.csproj", "{DFB37073-2F7D-4EC8-89ED-D0390C17C4C6}"
EndProject
Global
	GlobalSection(SolutionConfigurationPlatforms) = preSolution
		Debug|Any CPU = Debug|Any CPU
		Release|Any CPU = Release|Any CPU
	EndGlobalSection
	GlobalSection(ProjectConfigurationPlatforms) = postSolution
		{6878E978-A6A0-44D5-BD9A-6BB231C19788}.Debug|Any CPU.ActiveCfg = Debug|Any CPU
		{6878E978-A6A0-44D5-BD9A-6BB231C19788}.Debug|Any CPU.Build.0 = Debug|Any CPU
		{6878E978-A6A0-44D5-BD9A-6BB231C19788}.Release|Any CPU.ActiveCfg = Release|Any CPU
		{6878E978-A6A0-44D5-BD9A-6BB231C19788}.Release|Any CPU.Build.0 = Release|Any CPU
		{1739D5EB-29AB-4960-A9FA-9C12AA8EB9EA}.Debug|Any CPU.ActiveCfg = Debug|Any CPU
		{1739D5EB-29AB-4960-A9FA-9C12AA8EB9EA}.Debug|Any CPU.Build.0 = Debug|Any CPU
		{1739D5EB-29AB-4960-A9FA-9C12AA8EB9EA}.Release|Any CPU.ActiveCfg = Release|Any CPU
		{1739D5EB-29AB-4960-A9FA-9C12AA8EB9EA}.Release|Any CPU.Build.0 = Release|Any CPU
		{069A77D9-D14A-4574-AE88-D28775C76209}.Debug|Any CPU.ActiveCfg = Debug|Any CPU
		{069A77D9-D14A-4574-AE88-D28775C76209}.Debug|Any CPU.Build.0 = Debug|Any CPU
		{069A77D9-D14A-4574-AE88-D28775C76209}.Release|Any CPU.ActiveCfg = Release|Any CPU
		{069A77D9-D14A-4574-AE88-D28775C76209}.Release|Any CPU.Build.0 = Release|Any CPU
		{DFB37073-2F7D-4EC8-89ED-D0390C17C4C6}.Debug|Any CPU.ActiveCfg = Debug|Any CPU
		{DFB37073-2F7D-4EC8-89ED-D0390C17C4C6}.Debug|Any CPU.Build.0 = Debug|Any CPU
		{DFB37073-2F7D-4EC8-89ED-D0390C17C4C6}.Release|Any CPU.ActiveCfg = Release|Any CPU
		{DFB37073-2F7D-4EC8-89ED-D0390C17C4C6}.Release|Any CPU.Build.0 = Release|Any CPU
	EndGlobalSection
	GlobalSection(SolutionProperties) = preSolution
		HideSolutionNode = FALSE
	EndGlobalSection
	GlobalSection(ExtensibilityGlobals) = postSolution
		SolutionGuid = {08D5278A-FBAD-4AAB-8500-96A86048C7A0}
	EndGlobalSection
EndGlobal
